// !$*UTF8*$!
{
	archiveVersion = 1;
	classes = {
	};
	objectVersion = 46;
	objects = {

/* Begin PBXBuildFile section */
		D26899F31DCC6B7F001D185A /* AppDelegate.swift in Sources */ = {isa = PBXBuildFile; fileRef = D26899F21DCC6B7F001D185A /* AppDelegate.swift */; };
		D26899F51DCC6B7F001D185A /* ViewController.swift in Sources */ = {isa = PBXBuildFile; fileRef = D26899F41DCC6B7F001D185A /* ViewController.swift */; };
		D26899F81DCC6B7F001D185A /* Main.storyboard in Resources */ = {isa = PBXBuildFile; fileRef = D26899F61DCC6B7F001D185A /* Main.storyboard */; };
		D26899FA1DCC6B7F001D185A /* Assets.xcassets in Resources */ = {isa = PBXBuildFile; fileRef = D26899F91DCC6B7F001D185A /* Assets.xcassets */; };
		D26899FD1DCC6B7F001D185A /* LaunchScreen.storyboard in Resources */ = {isa = PBXBuildFile; fileRef = D26899FB1DCC6B7F001D185A /* LaunchScreen.storyboard */; };
		D2689A061DCC6BCA001D185A /* TransformCapitalChinese.swift in Sources */ = {isa = PBXBuildFile; fileRef = D2689A051DCC6BCA001D185A /* TransformCapitalChinese.swift */; };
/* End PBXBuildFile section */

/* Begin PBXFileReference section */
		D26899EF1DCC6B7F001D185A /* TransformCapCNDemo.app */ = {isa = PBXFileReference; explicitFileType = wrapper.application; includeInIndex = 0; path = TransformCapCNDemo.app; sourceTree = BUILT_PRODUCTS_DIR; };
		D26899F21DCC6B7F001D185A /* AppDelegate.swift */ = {isa = PBXFileReference; lastKnownFileType = sourcecode.swift; path = AppDelegate.swift; sourceTree = "<group>"; };
		D26899F41DCC6B7F001D185A /* ViewController.swift */ = {isa = PBXFileReference; lastKnownFileType = sourcecode.swift; path = ViewController.swift; sourceTree = "<group>"; };
		D26899F71DCC6B7F001D185A /* Base */ = {isa = PBXFileReference; lastKnownFileType = file.storyboard; name = Base; path = Base.lproj/Main.storyboard; sourceTree = "<group>"; };
		D26899F91DCC6B7F001D185A /* Assets.xcassets */ = {isa = PBXFileReference; lastKnownFileType = folder.assetcatalog; path = Assets.xcassets; sourceTree = "<group>"; };
		D26899FC1DCC6B7F001D185A /* Base */ = {isa = PBXFileReference; lastKnownFileType = file.storyboard; name = Base; path = Base.lproj/LaunchScreen.storyboard; sourceTree = "<group>"; };
		D26899FE1DCC6B7F001D185A /* Info.plist */ = {isa = PBXFileReference; lastKnownFileType = text.plist.xml; path = Info.plist; sourceTree = "<group>"; };
		D2689A051DCC6BCA001D185A /* TransformCapitalChinese.swift */ = {isa = PBXFileReference; fileEncoding = 4; lastKnownFileType = sourcecode.swift; path = TransformCapitalChinese.swift; sourceTree = "<group>"; };
/* End PBXFileReference section */

/* Begin PBXFrameworksBuildPhase section */
		D26899EC1DCC6B7F001D185A /* Frameworks */ = {
			isa = PBXFrameworksBuildPhase;
			buildActionMask = 2147483647;
			files = (
			);
			runOnlyForDeploymentPostprocessing = 0;
		};
/* End PBXFrameworksBuildPhase section */

/* Begin PBXGroup section */
		D26899E61DCC6B7F001D185A = {
			isa = PBXGroup;
			children = (
				D2689A041DCC6B83001D185A /* TransformCapitalChinese */,
				D26899F11DCC6B7F001D185A /* TransformCapCNDemo */,
				D26899F01DCC6B7F001D185A /* Products */,
			);
			sourceTree = "<group>";
		};
		D26899F01DCC6B7F001D185A /* Products */ = {
			isa = PBXGroup;
			children = (
				D26899EF1DCC6B7F001D185A /* TransformCapCNDemo.app */,
			);
			name = Products;
			sourceTree = "<group>";
		};
		D26899F11DCC6B7F001D185A /* TransformCapCNDemo */ = {
			isa = PBXGroup;
			children = (
				D26899F21DCC6B7F001D185A /* AppDelegate.swift */,
				D26899F41DCC6B7F001D185A /* ViewController.swift */,
				D26899F61DCC6B7F001D185A /* Main.storyboard */,
				D26899F91DCC6B7F001D185A /* Assets.xcassets */,
				D26899FB1DCC6B7F001D185A /* LaunchScreen.storyboard */,
				D26899FE1DCC6B7F001D185A /* Info.plist */,
			);
			path = TransformCapCNDemo;
			sourceTree = "<group>";
		};
		D2689A041DCC6B83001D185A /* TransformCapitalChinese */ = {
			isa = PBXGroup;
			children = (
				D2689A051DCC6BCA001D185A /* TransformCapitalChinese.swift */,
			);
			name = TransformCapitalChinese;
			sourceTree = "<group>";
		};
/* End PBXGroup section */

/* Begin PBXNativeTarget section */
		D26899EE1DCC6B7F001D185A /* TransformCapCNDemo */ = {
			isa = PBXNativeTarget;
			buildConfigurationList = D2689A011DCC6B7F001D185A /* Build configuration list for PBXNativeTarget "TransformCapCNDemo" */;
			buildPhases = (
				D26899EB1DCC6B7F001D185A /* Sources */,
				D26899EC1DCC6B7F001D185A /* Frameworks */,
				D26899ED1DCC6B7F001D185A /* Resources */,
			);
			buildRules = (
			);
			dependencies = (
			);
			name = TransformCapCNDemo;
			productName = TransformCapCNDemo;
			productReference = D26899EF1DCC6B7F001D185A /* TransformCapCNDemo.app */;
			productType = "com.apple.product-type.application";
		};
/* End PBXNativeTarget section */

/* Begin PBXProject section */
		D26899E71DCC6B7F001D185A /* Project object */ = {
			isa = PBXProject;
			attributes = {
				LastSwiftUpdateCheck = 0730;
				LastUpgradeCheck = 0730;
				ORGANIZATIONNAME = uniproud;
				TargetAttributes = {
					D26899EE1DCC6B7F001D185A = {
						CreatedOnToolsVersion = 7.3;
					};
				};
			};
			buildConfigurationList = D26899EA1DCC6B7F001D185A /* Build configuration list for PBXProject "TransformCapCNDemo" */;
			compatibilityVersion = "Xcode 3.2";
			developmentRegion = English;
			hasScannedForEncodings = 0;
			knownRegions = (
				en,
				Base,
			);
			mainGroup = D26899E61DCC6B7F001D185A;
			productRefGroup = D26899F01DCC6B7F001D185A /* Products */;
			projectDirPath = "";
			projectRoot = "";
			targets = (
				D26899EE1DCC6B7F001D185A /* TransformCapCNDemo */,
			);
		};
/* End PBXProject section */

/* Begin PBXResourcesBuildPhase section */
		D26899ED1DCC6B7F001D185A /* Resources */ = {
			isa = PBXResourcesBuildPhase;
			buildActionMask = 2147483647;
			files = (
				D26899FD1DCC6B7F001D185A /* LaunchScreen.storyboard in Resources */,
				D26899FA1DCC6B7F001D185A /* Assets.xcassets in Resources */,
				D26899F81DCC6B7F001D185A /* Main.storyboard in Resources */,
			);
			runOnlyForDeploymentPostprocessing = 0;
		};
/* End PBXResourcesBuildPhase section */

/* Begin PBXSourcesBuildPhase section */
		D26899EB1DCC6B7F001D185A /* Sources */ = {
			isa = PBXSourcesBuildPhase;
			buildActionMask = 2147483647;
			files = (
				D2689A061DCC6BCA001D185A /* TransformCapitalChinese.swift in Sources */,
				D26899F51DCC6B7F001D185A /* ViewController.swift in Sources */,
				D26899F31DCC6B7F001D185A /* AppDelegate.swift in Sources */,
			);
			runOnlyForDeploymentPostprocessing = 0;
		};
/* End PBXSourcesBuildPhase section */

/* Begin PBXVariantGroup section */
		D26899F61DCC6B7F001D185A /* Main.storyboard */ = {
			isa = PBXVariantGroup;
			children = (
				D26899F71DCC6B7F001D185A /* Base */,
			);
			name = Main.storyboard;
			sourceTree = "<group>";
		};
		D26899FB1DCC6B7F001D185A /* LaunchScreen.storyboard */ = {
			isa = PBXVariantGroup;
			children = (
				D26899FC1DCC6B7F001D185A /* Base */,
			);
			name = LaunchScreen.storyboard;
			sourceTree = "<group>";
		};
/* End PBXVariantGroup section */

/* Begin XCBuildConfiguration section */
		D26899FF1DCC6B7F001D185A /* Debug */ = {
			isa = XCBuildConfiguration;
			buildSettings = {
				ALWAYS_SEARCH_USER_PATHS = NO;
				CLANG_ANALYZER_NONNULL = YES;
				CLANG_CXX_LANGUAGE_STANDARD = "gnu++0x";
				CLANG_CXX_LIBRARY = "libc++";
				CLANG_ENABLE_MODULES = YES;
				CLANG_ENABLE_OBJC_ARC = YES;
				CLANG_WARN_BOOL_CONVERSION = YES;
				CLANG_WARN_CONSTANT_CONVERSION = YES;
				CLANG_WARN_DIRECT_OBJC_ISA_USAGE = YES_ERROR;
				CLANG_WARN_EMPTY_BODY = YES;
				CLANG_WARN_ENUM_CONVERSION = YES;
				CLANG_WARN_INT_CONVERSION = YES;
				CLANG_WARN_OBJC_ROOT_CLASS = YES_ERROR;
				CLANG_WARN_UNREACHABLE_CODE = YES;
				CLANG_WARN__DUPLICATE_METHOD_MATCH = YES;
				"CODE_SIGN_IDENTITY[sdk=iphoneos*]" = "iPhone Developer";
				COPY_PHASE_STRIP = NO;
				DEBUG_INFORMATION_FORMAT = dwarf;
				ENABLE_STRICT_OBJC_MSGSEND = YES;
				ENABLE_TESTABILITY = YES;
				GCC_C_LANGUAGE_STANDARD = gnu99;
				GCC_DYNAMIC_NO_PIC = NO;
				GCC_NO_COMMON_BLOCKS = YES;
				GCC_OPTIMIZATION_LEVEL = 0;
				GCC_PREPROCESSOR_DEFINITIONS = (
					"DEBUG=1",
					"$(inherited)",
				);
				GCC_WARN_64_TO_32_BIT_CONVERSION = YES;
				GCC_WARN_ABOUT_RETURN_TYPE = YES_ERROR;
				GCC_WARN_UNDECLARED_SELECTOR = YES;
				GCC_WARN_UNINITIALIZED_AUTOS = YES_AGGRESSIVE;
				GCC_WARN_UNUSED_FUNCTION = YES;
				GCC_WARN_UNUSED_VARIABLE = YES;
				IPHONEOS_DEPLOYMENT_TARGET = 9.3;
				MTL_ENABLE_DEBUG_INFO = YES;
				ONLY_ACTIVE_ARCH = YES;
				SDKROOT = iphoneos;
				SWIFT_OPTIMIZATION_LEVEL = "-Onone";
			};
			name = Debug;
		};
		D2689A001DCC6B7F001D185A /* Release */ = {
			isa = XCBuildConfiguration;
			buildSettings = {
				ALWAYS_SEARCH_USER_PATHS = NO;
				CLANG_ANALYZER_NONNULL = YES;
				CLANG_CXX_LANGUAGE_STANDARD = "gnu++0x";
				CLANG_CXX_LIBRARY = "libc++";
				CLANG_ENABLE_MODULES = YES;
				CLANG_ENABLE_OBJC_ARC = YES;
				CLANG_WARN_BOOL_CONVERSION = YES;
				CLANG_WARN_CONSTANT_CONVERSION = YES;
				CLANG_WARN_DIRECT_OBJC_ISA_USAGE = YES_ERROR;
				CLANG_WARN_EMPTY_BODY = YES;
				CLANG_WARN_ENUM_CONVERSION = YES;
				CLANG_WARN_INT_CONVERSION = YES;
				CLANG_WARN_OBJC_ROOT_CLASS = YES_ERROR;
				CLANG_WARN_UNREACHABLE_CODE = YES;
				CLANG_WARN__DUPLICATE_METHOD_MATCH = YES;
				"CODE_SIGN_IDENTITY[sdk=iphoneos*]" = "iPhone Developer";
				COPY_PHASE_STRIP = NO;
				DEBUG_INFORMATION_FORMAT = "dwarf-with-dsym";
				ENABLE_NS_ASSERTIONS = NO;
				ENABLE_STRICT_OBJC_MSGSEND = YES;
				GCC_C_LANGUAGE_STANDARD = gnu99;
				GCC_NO_COMMON_BLOCKS = YES;
				GCC_WARN_64_TO_32_BIT_CONVERSION = YES;
				GCC_WARN_ABOUT_RETURN_TYPE = YES_ERROR;
				GCC_WARN_UNDECLARED_SELECTOR = YES;
				GCC_WARN_UNINITIALIZED_AUTOS = YES_AGGRESSIVE;
				GCC_WARN_UNUSED_FUNCTION = YES;
				GCC_WARN_UNUSED_VARIABLE = YES;
				IPHONEOS_DEPLOYMENT_TARGET = 9.3;
				MTL_ENABLE_DEBUG_INFO = NO;
				SDKROOT = iphoneos;
				VALIDATE_PRODUCT = YES;
			};
			name = Release;
		};
		D2689A021DCC6B7F001D185A /* Debug */ = {
			isa = XCBuildConfiguration;
			buildSettings = {
				ASSETCATALOG_COMPILER_APPICON_NAME = AppIcon;
				INFOPLIST_FILE = TransformCapCNDemo/Info.plist;
				LD_RUNPATH_SEARCH_PATHS = "$(inherited) @executable_path/Frameworks";
				PRODUCT_BUNDLE_IDENTIFIER = com.uniproud.TransformCapCNDemo;
				PRODUCT_NAME = "$(TARGET_NAME)";
			};
			name = Debug;
		};
		D2689A031DCC6B7F001D185A /* Release */ = {
			isa = XCBuildConfiguration;
			buildSettings = {
				ASSETCATALOG_COMPILER_APPICON_NAME = AppIcon;
				INFOPLIST_FILE = TransformCapCNDemo/Info.plist;
				LD_RUNPATH_SEARCH_PATHS = "$(inherited) @executable_path/Frameworks";
				PRODUCT_BUNDLE_IDENTIFIER = com.uniproud.TransformCapCNDemo;
				PRODUCT_NAME = "$(TARGET_NAME)";
			};
			name = Release;
		};
/* End XCBuildConfiguration section */

/* Begin XCConfigurationList section */
		D26899EA1DCC6B7F001D185A /* Build configuration list for PBXProject "TransformCapCNDemo" */ = {
			isa = XCConfigurationList;
			buildConfigurations = (
				D26899FF1DCC6B7F001D185A /* Debug */,
				D2689A001DCC6B7F001D185A /* Release */,
			);
			defaultConfigurationIsVisible = 0;
			defaultConfigurationName = Release;
		};
		D2689A011DCC6B7F001D185A /* Build configuration list for PBXNativeTarget "TransformCapCNDemo" */ = {
			isa = XCConfigurationList;
			buildConfigurations = (
				D2689A021DCC6B7F001D185A /* Debug */,
				D2689A031DCC6B7F001D185A /* Release */,
			);
			defaultConfigurationIsVisible = 0;
		};
/* End XCConfigurationList section */
	};
	rootObject = D26899E71DCC6B7F001D185A /* Project object */;
}
